
Microsoft Visual Studio Solution File, Format Version 12.00
# Visual Studio Version 16
VisualStudioVersion = 16.0.33130.400
MinimumVisualStudioVersion = 10.0.40219.1
Project("{FAE04EC0-301F-11D3-BF4B-00C04F79EFBC}") = "Mission_4", "Mission_4\Mission_4.csproj", "{72869262-5899-45CB-9BE2-49DA216236A4}"
EndProject
Global
	GlobalSection(SolutionConfigurationPlatforms) = preSolution
		Debug|Any CPU = Debug|Any CPU
		Release|Any CPU = Release|Any CPU
	EndGlobalSection
	GlobalSection(ProjectConfigurationPlatforms) = postSolution
		{72869262-5899-45CB-9BE2-49DA216236A4}.Debug|Any CPU.ActiveCfg = Debug|Any CPU
		{72869262-5899-45CB-9BE2-49DA216236A4}.Debug|Any CPU.Build.0 = Debug|Any CPU
		{72869262-5899-45CB-9BE2-49DA216236A4}.Release|Any CPU.ActiveCfg = Release|Any CPU
		{72869262-5899-45CB-9BE2-49DA216236A4}.Release|Any CPU.Build.0 = Release|Any CPU
	EndGlobalSection
	GlobalSection(SolutionProperties) = preSolution
		HideSolutionNode = FALSE
	EndGlobalSection
	GlobalSection(ExtensibilityGlobals) = postSolution
		SolutionGuid = {2B9DFD85-915E-49CA-B54B-3D4DF506E888}
	EndGlobalSection
EndGlobal
